
Microsoft Visual Studio Solution File, Format Version 12.00
Project("{FAE04EC0-301F-11D3-BF4B-00C04F79EFBC}") = "Server", "Server.csproj", "{F5415D08-3951-4E9C-BD59-2B1F25070272}"
EndProject
Project("{FAE04EC0-301F-11D3-BF4B-00C04F79EFBC}") = "NetClient", "..\NetClient\NetClient.csproj", "{5A1504A4-F088-4C40-8D93-7BE61A2F83EA}"
EndProject
Project("{FAE04EC0-301F-11D3-BF4B-00C04F79EFBC}") = "NetLib", "..\NetLib\NetLib.csproj", "{96365F52-6F4A-403A-A45A-4E3AAC98FF78}"
EndProject
Global
	GlobalSection(SolutionConfigurationPlatforms) = preSolution
		Debug|Any CPU = Debug|Any CPU
		Release|Any CPU = Release|Any CPU
	EndGlobalSection
	GlobalSection(ProjectConfigurationPlatforms) = postSolution
		{F5415D08-3951-4E9C-BD59-2B1F25070272}.Debug|Any CPU.ActiveCfg = Debug|Any CPU
		{F5415D08-3951-4E9C-BD59-2B1F25070272}.Debug|Any CPU.Build.0 = Debug|Any CPU
		{F5415D08-3951-4E9C-BD59-2B1F25070272}.Release|Any CPU.ActiveCfg = Release|Any CPU
		{F5415D08-3951-4E9C-BD59-2B1F25070272}.Release|Any CPU.Build.0 = Release|Any CPU
		{5A1504A4-F088-4C40-8D93-7BE61A2F83EA}.Debug|Any CPU.ActiveCfg = Debug|Any CPU
		{5A1504A4-F088-4C40-8D93-7BE61A2F83EA}.Debug|Any CPU.Build.0 = Debug|Any CPU
		{5A1504A4-F088-4C40-8D93-7BE61A2F83EA}.Release|Any CPU.ActiveCfg = Release|Any CPU
		{5A1504A4-F088-4C40-8D93-7BE61A2F83EA}.Release|Any CPU.Build.0 = Release|Any CPU
		{96365F52-6F4A-403A-A45A-4E3AAC98FF78}.Debug|Any CPU.ActiveCfg = Debug|Any CPU
		{96365F52-6F4A-403A-A45A-4E3AAC98FF78}.Debug|Any CPU.Build.0 = Debug|Any CPU
		{96365F52-6F4A-403A-A45A-4E3AAC98FF78}.Release|Any CPU.ActiveCfg = Release|Any CPU
		{96365F52-6F4A-403A-A45A-4E3AAC98FF78}.Release|Any CPU.Build.0 = Release|Any CPU
	EndGlobalSection
EndGlobal
